Microsoft Visual Studio Solution File, Format Version 12.00
# Visual Studio 15
VisualStudioVersion = 15.0.27004.2006
MinimumVisualStudioVersion = 15.0.26124.0
Project("{9A19103F-16F7-4668-BE54-9A1E7A4F7556}") = "CrowsNest.UI", "CrowsNest.UI\CrowsNest.UI.csproj", "{A6915948-60C6-4C0E-B5D6-DAEC25BA3D9A}"
EndProject
Global
	GlobalSection(SolutionConfigurationPlatforms) = preSolution
		Debug|Any CPU = Debug|Any CPU
		Release|Any CPU = Release|Any CPU
	EndGlobalSection
	GlobalSection(ProjectConfigurationPlatforms) = postSolution
		{A6915948-60C6-4C0E-B5D6-DAEC25BA3D9A}.Debug|Any CPU.ActiveCfg = Debug|Any CPU
		{A6915948-60C6-4C0E-B5D6-DAEC25BA3D9A}.Debug|Any CPU.Build.0 = Debug|Any CPU
		{A6915948-60C6-4C0E-B5D6-DAEC25BA3D9A}.Release|Any CPU.ActiveCfg = Release|Any CPU
		{A6915948-60C6-4C0E-B5D6-DAEC25BA3D9A}.Release|Any CPU.Build.0 = Release|Any CPU
	EndGlobalSection
	GlobalSection(SolutionProperties) = preSolution
		HideSolutionNode = FALSE
	EndGlobalSection
	GlobalSection(ExtensibilityGlobals) = postSolution
		SolutionGuid = {5077F226-3983-4A31-956D-8FE558B60820}
	EndGlobalSection
EndGlobal
